<?xml version="1.0" encoding="utf-8"?>
<Project ToolsVersion="4.0" xmlns="http://schemas.microsoft.com/developer/msbuild/2003">
  <ItemGroup>
    <Filter Include="Source Files">
      <UniqueIdentifier>{4FC737F1-C7A5-4376-A066-2A32D752A2FF}</UniqueIdentifier>
      <Extensions>cpp;c;cc;cxx;c++;cppm;ixx;def;odl;idl;hpj;bat;asm;asmx</Extensions>
    </Filter>
    <Filter Include="Header Files">
      <UniqueIdentifier>{93995380-89BD-4b04-88EB-625FBE52EBFB}</UniqueIdentifier>
      <Extensions>h;hh;hpp;hxx;h++;hm;inl;inc;ipp;xsd</Extensions>
    </Filter>
    <Filter Include="Resource Files">
      <UniqueIdentifier>{67DA6AB6-F800-4c08-8B7A-83BB121AAD01}</UniqueIdentifier>
      <Extensions>rc;ico;cur;bmp;dlg;rc2;rct;bin;rgs;gif;jpg;jpeg;jpe;resx;tiff;tif;png;wav;mfcribbon-ms</Extensions>
    </Filter>
    <Filter Include="Source Files\Shaders">
      <UniqueIdentifier>{6c9ecfcf-a197-4b3e-a91d-965b3c66dbc6}</UniqueIdentifier>
    </Filter>
  </ItemGroup>
  <ItemGroup>
    <ClCompile Include="src\Application.cpp">
      <Filter>Source Files</Filter>
    </ClCompile>
    <ClCompile Include="src\ApplicationController.cpp">
      <Filter>Source Files</Filter>
    </ClCompile>
    <ClCompile Include="src\CameraController.cpp">
      <Filter>Source Files</Filter>
    </ClCompile>
    <ClCompile Include="src\DynamicShapeArray.cpp">
      <Filter>Source Files</Filter>
    </ClCompile>
    <ClCompile Include="src\GLSLShader.cpp">
      <Filter>Source Files</Filter>
    </ClCompile>
    <ClCompile Include="src\InputController.cpp">
      <Filter>Source Files</Filter>
    </ClCompile>
    <ClCompile Include="src\OpenGLRenderer.cpp">
      <Filter>Source Files</Filter>
    </ClCompile>
    <ClCompile Include="src\Renderer.cpp">
      <Filter>Source Files</Filter>
    </ClCompile>
    <ClCompile Include="src\ShaderCompiler.cpp">
      <Filter>Source Files</Filter>
    </ClCompile>
    <ClCompile Include="src\ShapeFactory.cpp">
      <Filter>Source Files</Filter>
    </ClCompile>
    <ClCompile Include="src\glad\glad.c">
      <Filter>Source Files</Filter>
    </ClCompile>
  </ItemGroup>
  <ItemGroup>
    <ClInclude Include="src\ApplicationController.h">
      <Filter>Header Files</Filter>
    </ClInclude>
    <ClInclude Include="src\CameraController.h">
      <Filter>Header Files</Filter>
    </ClInclude>
    <ClInclude Include="src\DynamicShapeArray.h">
      <Filter>Header Files</Filter>
    </ClInclude>
    <ClInclude Include="src\ErrorCodes.h">
      <Filter>Header Files</Filter>
    </ClInclude>
    <ClInclude Include="src\GLSLShader.h">
      <Filter>Header Files</Filter>
    </ClInclude>
    <ClInclude Include="src\InputController.h">
      <Filter>Header Files</Filter>
    </ClInclude>
    <ClInclude Include="src\opengl.h">
      <Filter>Header Files</Filter>
    </ClInclude>
    <ClInclude Include="src\OpenGLProfiler.h">
      <Filter>Header Files</Filter>
    </ClInclude>
    <ClInclude Include="src\OpenGLRenderer.h">
      <Filter>Header Files</Filter>
    </ClInclude>
    <ClInclude Include="src\Renderer.h">
      <Filter>Header Files</Filter>
    </ClInclude>
    <ClInclude Include="src\ShaderCompiler.h">
      <Filter>Header Files</Filter>
    </ClInclude>
    <ClInclude Include="src\Shape.h">
      <Filter>Header Files</Filter>
    </ClInclude>
    <ClInclude Include="src\ShapeFactory.h">
      <Filter>Header Files</Filter>
    </ClInclude>
    <ClInclude Include="src\SpatialGrid.h">
      <Filter>Header Files</Filter>
    </ClInclude>
    <ClInclude Include="src\stb_image.h">
      <Filter>Header Files</Filter>
    </ClInclude>
  </ItemGroup>
  <ItemGroup>
    <None Include="src\shaders\batch_common.slang">
      <Filter>Source Files\Shaders</Filter>
    </None>
    <None Include="src\shaders\batch_shader.slang">
      <Filter>Source Files\Shaders</Filter>
    </None>
    <None Include="src\shaders\common.slang">
      <Filter>Source Files\Shaders</Filter>
    </None>
    <None Include="src\shaders\obj_shader.frag">
      <Filter>Source Files\Shaders</Filter>
    </None>
    <None Include="src\shaders\obj_shader.slang">
      <Filter>Source Files\Shaders</Filter>
    </None>
    <None Include="src\shaders\obj_shader.vert">
      <Filter>Source Files\Shaders</Filter>
    </None>
    <None Include="src\shaders\obj_shader_fs.spv">
      <Filter>Source Files\Shaders</Filter>
    </None>
    <None Include="src\shaders\obj_shader_vs.spv">
      <Filter>Source Files\Shaders</Filter>
    </None>
    <None Include="src\shaders\obj_tex_shader.slang">
      <Filter>Source Files\Shaders</Filter>
    </None>
    <None Include="src\shaders\Shader.shader">
      <Filter>Source Files\Shaders</Filter>
    </None>
    <None Include=".gitignore" />
  </ItemGroup>
  <ItemGroup>
    <Text Include="CMakeLists.txt" />
  </ItemGroup>
</Project>